
Microsoft Visual Studio Solution File, Format Version 12.00
# Visual Studio Version 16
VisualStudioVersion = 16.0.31005.135
MinimumVisualStudioVersion = 10.0.40219.1
Project("{FAE04EC0-301F-11D3-BF4B-00C04F79EFBC}") = "ClassMetotDemo", "ClassMetotDemo\ClassMetotDemo.csproj", "{FCD8F4FF-9CD2-42BF-8C29-2D5E76B40BBB}"
EndProject
Global
	GlobalSection(SolutionConfigurationPlatforms) = preSolution
		Debug|Any CPU = Debug|Any CPU
		Release|Any CPU = Release|Any CPU
	EndGlobalSection
	GlobalSection(ProjectConfigurationPlatforms) = postSolution
		{FCD8F4FF-9CD2-42BF-8C29-2D5E76B40BBB}.Debug|Any CPU.ActiveCfg = Debug|Any CPU
		{FCD8F4FF-9CD2-42BF-8C29-2D5E76B40BBB}.Debug|Any CPU.Build.0 = Debug|Any CPU
		{FCD8F4FF-9CD2-42BF-8C29-2D5E76B40BBB}.Release|Any CPU.ActiveCfg = Release|Any CPU
		{FCD8F4FF-9CD2-42BF-8C29-2D5E76B40BBB}.Release|Any CPU.Build.0 = Release|Any CPU
	EndGlobalSection
	GlobalSection(SolutionProperties) = preSolution
		HideSolutionNode = FALSE
	EndGlobalSection
	GlobalSection(ExtensibilityGlobals) = postSolution
		SolutionGuid = {69951AB4-2EDB-48AC-8420-C991E9F67D74}
	EndGlobalSection
EndGlobal
